// !$*UTF8*$!
{
	archiveVersion = 1;
	classes = {
	};
	objectVersion = 44;
	objects = {

/* Begin PBXBuildFile section */
		77631A270C06C501005415CB /* Python.framework in Frameworks */ = {isa = PBXBuildFile; fileRef = 77631A260C06C501005415CB /* Python.framework */; };
		77631A3F0C0748CF005415CB /* main.py in Resources */ = {isa = PBXBuildFile; fileRef = 77631A3E0C0748CF005415CB /* main.py */; };
		7790198F0C07548A00326F66 /* chatmasalaAppDelegate.py in Resources */ = {isa = PBXBuildFile; fileRef = 7790198E0C07548A00326F66 /* chatmasalaAppDelegate.py */; };
		77C8C1F90C07829500965286 /* MainMenu.xib in Resources */ = {isa = PBXBuildFile; fileRef = 77C8C1F70C07829500965286 /* MainMenu.xib */; };
		8D11072B0486CEB800E47090 /* InfoPlist.strings in Resources */ = {isa = PBXBuildFile; fileRef = 089C165CFE840E0CC02AAC07 /* InfoPlist.strings */; };
		8D11072D0486CEB800E47090 /* main.m in Sources */ = {isa = PBXBuildFile; fileRef = 29B97316FDCFA39411CA2CEA /* main.m */; settings = {ATTRIBUTES = (); }; };
		8D11072F0486CEB800E47090 /* Cocoa.framework in Frameworks */ = {isa = PBXBuildFile; fileRef = 1058C7A1FEA54F0111CA2CBB /* Cocoa.framework */; };
		912045AB12546768003F51D1 /* WebKit.framework in Frameworks */ = {isa = PBXBuildFile; fileRef = 912045AA12546768003F51D1 /* WebKit.framework */; };
		912045DE1254ACAC003F51D1 /* chatmasala.png in Resources */ = {isa = PBXBuildFile; fileRef = 912045DD1254ACAC003F51D1 /* chatmasala.png */; };
		912045F91254B75F003F51D1 /* Chat.png in Resources */ = {isa = PBXBuildFile; fileRef = 912045F31254B75F003F51D1 /* Chat.png */; };
		912045FA1254B75F003F51D1 /* Gmail.png in Resources */ = {isa = PBXBuildFile; fileRef = 912045F41254B75F003F51D1 /* Gmail.png */; };
		912045FB1254B75F003F51D1 /* Help.png in Resources */ = {isa = PBXBuildFile; fileRef = 912045F51254B75F003F51D1 /* Help.png */; };
		912045FC1254B75F003F51D1 /* Note.png in Resources */ = {isa = PBXBuildFile; fileRef = 912045F61254B75F003F51D1 /* Note.png */; };
		912045FD1254B75F003F51D1 /* Statistics.png in Resources */ = {isa = PBXBuildFile; fileRef = 912045F71254B75F003F51D1 /* Statistics.png */; };
		912045FE1254B75F003F51D1 /* Upwards.png in Resources */ = {isa = PBXBuildFile; fileRef = 912045F81254B75F003F51D1 /* Upwards.png */; };
		9120463E1254C1D3003F51D1 /* Controller_MainWindow.py in Resources */ = {isa = PBXBuildFile; fileRef = 9120463D1254C1D3003F51D1 /* Controller_MainWindow.py */; };
		91DA0D841257A1CF004D53E6 /* gattic.icns in Resources */ = {isa = PBXBuildFile; fileRef = 91DA0D831257A1CF004D53E6 /* gattic.icns */; };
		91DA0DA91257A431004D53E6 /* try3_final_512.png in Resources */ = {isa = PBXBuildFile; fileRef = 91DA0DA81257A431004D53E6 /* try3_final_512.png */; };
		91DA0DAE1257A511004D53E6 /* try3_blurred.png in Resources */ = {isa = PBXBuildFile; fileRef = 91DA0DAC1257A511004D53E6 /* try3_blurred.png */; };
		91DA0DAF1257A511004D53E6 /* try3_no_back.png in Resources */ = {isa = PBXBuildFile; fileRef = 91DA0DAD1257A511004D53E6 /* try3_no_back.png */; };
		91DA0DB91257A738004D53E6 /* try3_no_color.png in Resources */ = {isa = PBXBuildFile; fileRef = 91DA0DB81257A738004D53E6 /* try3_no_color.png */; };
		91F0838C12561498003868A9 /* helpers.py in Resources */ = {isa = PBXBuildFile; fileRef = 91F0838B12561498003868A9 /* helpers.py */; };
		91F083BD12561809003868A9 /* chatview.html in Resources */ = {isa = PBXBuildFile; fileRef = 91F083BC12561809003868A9 /* chatview.html */; };
		91F08474125630ED003868A9 /* gattic_core.py in Resources */ = {isa = PBXBuildFile; fileRef = 91F08473125630ED003868A9 /* gattic_core.py */; };
/* End PBXBuildFile section */

/* Begin PBXFileReference section */
		089C165DFE840E0CC02AAC07 /* English */ = {isa = PBXFileReference; fileEncoding = 10; lastKnownFileType = text.plist.strings; name = English; path = English.lproj/InfoPlist.strings; sourceTree = "<group>"; };
		1058C7A1FEA54F0111CA2CBB /* Cocoa.framework */ = {isa = PBXFileReference; lastKnownFileType = wrapper.framework; name = Cocoa.framework; path = /System/Library/Frameworks/Cocoa.framework; sourceTree = "<absolute>"; };
		13E42FB307B3F0F600E4EEF1 /* CoreData.framework */ = {isa = PBXFileReference; lastKnownFileType = wrapper.framework; name = CoreData.framework; path = /System/Library/Frameworks/CoreData.framework; sourceTree = "<absolute>"; };
		29B97316FDCFA39411CA2CEA /* main.m */ = {isa = PBXFileReference; fileEncoding = 4; lastKnownFileType = sourcecode.c.objc; path = main.m; sourceTree = "<group>"; };
		29B97324FDCFA39411CA2CEA /* AppKit.framework */ = {isa = PBXFileReference; lastKnownFileType = wrapper.framework; name = AppKit.framework; path = /System/Library/Frameworks/AppKit.framework; sourceTree = "<absolute>"; };
		29B97325FDCFA39411CA2CEA /* Foundation.framework */ = {isa = PBXFileReference; lastKnownFileType = wrapper.framework; name = Foundation.framework; path = /System/Library/Frameworks/Foundation.framework; sourceTree = "<absolute>"; };
		32CA4F630368D1EE00C91783 /* chatmasala_Prefix.pch */ = {isa = PBXFileReference; fileEncoding = 4; lastKnownFileType = sourcecode.c.h; path = chatmasala_Prefix.pch; sourceTree = "<group>"; };
		77631A260C06C501005415CB /* Python.framework */ = {isa = PBXFileReference; lastKnownFileType = wrapper.framework; name = Python.framework; path = /System/Library/Frameworks/Python.framework; sourceTree = "<absolute>"; };
		77631A3E0C0748CF005415CB /* main.py */ = {isa = PBXFileReference; fileEncoding = 4; lastKnownFileType = text.script.python; path = main.py; sourceTree = "<group>"; };
		7790198E0C07548A00326F66 /* chatmasalaAppDelegate.py */ = {isa = PBXFileReference; fileEncoding = 4; lastKnownFileType = text.script.python; path = chatmasalaAppDelegate.py; sourceTree = "<group>"; };
		77C8C1F80C07829500965286 /* English */ = {isa = PBXFileReference; lastKnownFileType = file.xib; name = English; path = English.lproj/MainMenu.xib; sourceTree = "<group>"; };
		8D1107310486CEB800E47090 /* Info.plist */ = {isa = PBXFileReference; fileEncoding = 4; lastKnownFileType = text.plist.xml; path = Info.plist; sourceTree = "<group>"; };
		8D1107320486CEB800E47090 /* chatmasala.app */ = {isa = PBXFileReference; explicitFileType = wrapper.application; includeInIndex = 0; path = chatmasala.app; sourceTree = BUILT_PRODUCTS_DIR; };
		912045AA12546768003F51D1 /* WebKit.framework */ = {isa = PBXFileReference; lastKnownFileType = wrapper.framework; name = WebKit.framework; path = System/Library/Frameworks/WebKit.framework; sourceTree = SDKROOT; };
		912045DD1254ACAC003F51D1 /* chatmasala.png */ = {isa = PBXFileReference; lastKnownFileType = image.png; path = chatmasala.png; sourceTree = "<group>"; };
		912045F31254B75F003F51D1 /* Chat.png */ = {isa = PBXFileReference; lastKnownFileType = image.png; path = Chat.png; sourceTree = "<group>"; };
		912045F41254B75F003F51D1 /* Gmail.png */ = {isa = PBXFileReference; lastKnownFileType = image.png; path = Gmail.png; sourceTree = "<group>"; };
		912045F51254B75F003F51D1 /* Help.png */ = {isa = PBXFileReference; lastKnownFileType = image.png; path = Help.png; sourceTree = "<group>"; };
		912045F61254B75F003F51D1 /* Note.png */ = {isa = PBXFileReference; lastKnownFileType = image.png; path = Note.png; sourceTree = "<group>"; };
		912045F71254B75F003F51D1 /* Statistics.png */ = {isa = PBXFileReference; lastKnownFileType = image.png; path = Statistics.png; sourceTree = "<group>"; };
		912045F81254B75F003F51D1 /* Upwards.png */ = {isa = PBXFileReference; lastKnownFileType = image.png; path = Upwards.png; sourceTree = "<group>"; };
		9120463D1254C1D3003F51D1 /* Controller_MainWindow.py */ = {isa = PBXFileReference; fileEncoding = 4; lastKnownFileType = text.script.python; path = Controller_MainWindow.py; sourceTree = "<group>"; };
		91DA0D831257A1CF004D53E6 /* gattic.icns */ = {isa = PBXFileReference; lastKnownFileType = image.icns; path = gattic.icns; sourceTree = "<group>"; };
		91DA0DA81257A431004D53E6 /* try3_final_512.png */ = {isa = PBXFileReference; lastKnownFileType = image.png; path = try3_final_512.png; sourceTree = "<group>"; };
		91DA0DAC1257A511004D53E6 /* try3_blurred.png */ = {isa = PBXFileReference; lastKnownFileType = image.png; path = try3_blurred.png; sourceTree = "<group>"; };
		91DA0DAD1257A511004D53E6 /* try3_no_back.png */ = {isa = PBXFileReference; lastKnownFileType = image.png; path = try3_no_back.png; sourceTree = "<group>"; };
		91DA0DB81257A738004D53E6 /* try3_no_color.png */ = {isa = PBXFileReference; lastKnownFileType = image.png; path = try3_no_color.png; sourceTree = "<group>"; };
		91F0838B12561498003868A9 /* helpers.py */ = {isa = PBXFileReference; fileEncoding = 4; lastKnownFileType = text.script.python; path = helpers.py; sourceTree = "<group>"; };
		91F083BC12561809003868A9 /* chatview.html */ = {isa = PBXFileReference; fileEncoding = 4; lastKnownFileType = text.html; path = chatview.html; sourceTree = "<group>"; };
		91F08473125630ED003868A9 /* gattic_core.py */ = {isa = PBXFileReference; fileEncoding = 4; lastKnownFileType = text.script.python; path = gattic_core.py; sourceTree = "<group>"; };
/* End PBXFileReference section */

/* Begin PBXFrameworksBuildPhase section */
		8D11072E0486CEB800E47090 /* Frameworks */ = {
			isa = PBXFrameworksBuildPhase;
			buildActionMask = 2147483647;
			files = (
				8D11072F0486CEB800E47090 /* Cocoa.framework in Frameworks */,
				77631A270C06C501005415CB /* Python.framework in Frameworks */,
				912045AB12546768003F51D1 /* WebKit.framework in Frameworks */,
			);
			runOnlyForDeploymentPostprocessing = 0;
		};
/* End PBXFrameworksBuildPhase section */

/* Begin PBXGroup section */
		080E96DDFE201D6D7F000001 /* Classes */ = {
			isa = PBXGroup;
			children = (
				7790198E0C07548A00326F66 /* chatmasalaAppDelegate.py */,
				9120463D1254C1D3003F51D1 /* Controller_MainWindow.py */,
				91F0838B12561498003868A9 /* helpers.py */,
			);
			name = Classes;
			sourceTree = "<group>";
		};
		1058C7A0FEA54F0111CA2CBB /* Linked Frameworks */ = {
			isa = PBXGroup;
			children = (
				912045AA12546768003F51D1 /* WebKit.framework */,
				77631A260C06C501005415CB /* Python.framework */,
				1058C7A1FEA54F0111CA2CBB /* Cocoa.framework */,
			);
			name = "Linked Frameworks";
			sourceTree = "<group>";
		};
		1058C7A2FEA54F0111CA2CBB /* Other Frameworks */ = {
			isa = PBXGroup;
			children = (
				29B97324FDCFA39411CA2CEA /* AppKit.framework */,
				13E42FB307B3F0F600E4EEF1 /* CoreData.framework */,
				29B97325FDCFA39411CA2CEA /* Foundation.framework */,
			);
			name = "Other Frameworks";
			sourceTree = "<group>";
		};
		19C28FACFE9D520D11CA2CBB /* Products */ = {
			isa = PBXGroup;
			children = (
				8D1107320486CEB800E47090 /* chatmasala.app */,
			);
			name = Products;
			sourceTree = "<group>";
		};
		29B97314FDCFA39411CA2CEA /* chatmasala */ = {
			isa = PBXGroup;
			children = (
				91F08472125630D4003868A9 /* Main Scripts */,
				080E96DDFE201D6D7F000001 /* Classes */,
				29B97315FDCFA39411CA2CEA /* Other Sources */,
				29B97317FDCFA39411CA2CEA /* Resources */,
				29B97323FDCFA39411CA2CEA /* Frameworks */,
				19C28FACFE9D520D11CA2CBB /* Products */,
			);
			name = chatmasala;
			sourceTree = "<group>";
		};
		29B97315FDCFA39411CA2CEA /* Other Sources */ = {
			isa = PBXGroup;
			children = (
				32CA4F630368D1EE00C91783 /* chatmasala_Prefix.pch */,
				29B97316FDCFA39411CA2CEA /* main.m */,
				77631A3E0C0748CF005415CB /* main.py */,
			);
			name = "Other Sources";
			sourceTree = "<group>";
		};
		29B97317FDCFA39411CA2CEA /* Resources */ = {
			isa = PBXGroup;
			children = (
				91DA0DB81257A738004D53E6 /* try3_no_color.png */,
				91DA0DAC1257A511004D53E6 /* try3_blurred.png */,
				91DA0DAD1257A511004D53E6 /* try3_no_back.png */,
				91DA0DA81257A431004D53E6 /* try3_final_512.png */,
				91DA0D831257A1CF004D53E6 /* gattic.icns */,
				912045F31254B75F003F51D1 /* Chat.png */,
				912045F41254B75F003F51D1 /* Gmail.png */,
				912045F51254B75F003F51D1 /* Help.png */,
				912045F61254B75F003F51D1 /* Note.png */,
				912045F71254B75F003F51D1 /* Statistics.png */,
				912045F81254B75F003F51D1 /* Upwards.png */,
				912045DD1254ACAC003F51D1 /* chatmasala.png */,
				77C8C1F70C07829500965286 /* MainMenu.xib */,
				8D1107310486CEB800E47090 /* Info.plist */,
				089C165CFE840E0CC02AAC07 /* InfoPlist.strings */,
				91F083BC12561809003868A9 /* chatview.html */,
			);
			name = Resources;
			sourceTree = "<group>";
		};
		29B97323FDCFA39411CA2CEA /* Frameworks */ = {
			isa = PBXGroup;
			children = (
				1058C7A0FEA54F0111CA2CBB /* Linked Frameworks */,
				1058C7A2FEA54F0111CA2CBB /* Other Frameworks */,
			);
			name = Frameworks;
			sourceTree = "<group>";
		};
		91F08472125630D4003868A9 /* Main Scripts */ = {
			isa = PBXGroup;
			children = (
				91F08473125630ED003868A9 /* gattic_core.py */,
			);
			name = "Main Scripts";
			sourceTree = "<group>";
		};
/* End PBXGroup section */

/* Begin PBXNativeTarget section */
		8D1107260486CEB800E47090 /* Gattic */ = {
			isa = PBXNativeTarget;
			buildConfigurationList = C01FCF4A08A954540054247B /* Build configuration list for PBXNativeTarget "Gattic" */;
			buildPhases = (
				8D1107290486CEB800E47090 /* Resources */,
				8D11072C0486CEB800E47090 /* Sources */,
				8D11072E0486CEB800E47090 /* Frameworks */,
			);
			buildRules = (
			);
			dependencies = (
			);
			name = Gattic;
			productInstallPath = "$(HOME)/Applications";
			productName = chatmasala;
			productReference = 8D1107320486CEB800E47090 /* chatmasala.app */;
			productType = "com.apple.product-type.application";
		};
/* End PBXNativeTarget section */

/* Begin PBXProject section */
		29B97313FDCFA39411CA2CEA /* Project object */ = {
			isa = PBXProject;
			attributes = {
				BuildIndependentTargetsInParallel = NO;
				ORGANIZATIONNAME = appstokill.com;
			};
			buildConfigurationList = C01FCF4E08A954540054247B /* Build configuration list for PBXProject "chatmasala" */;
			compatibilityVersion = "Xcode 3.0";
			hasScannedForEncodings = 1;
			mainGroup = 29B97314FDCFA39411CA2CEA /* chatmasala */;
			projectDirPath = "";
			projectRoot = "";
			targets = (
				8D1107260486CEB800E47090 /* Gattic */,
			);
		};
/* End PBXProject section */

/* Begin PBXResourcesBuildPhase section */
		8D1107290486CEB800E47090 /* Resources */ = {
			isa = PBXResourcesBuildPhase;
			buildActionMask = 2147483647;
			files = (
				8D11072B0486CEB800E47090 /* InfoPlist.strings in Resources */,
				77631A3F0C0748CF005415CB /* main.py in Resources */,
				7790198F0C07548A00326F66 /* chatmasalaAppDelegate.py in Resources */,
				77C8C1F90C07829500965286 /* MainMenu.xib in Resources */,
				912045DE1254ACAC003F51D1 /* chatmasala.png in Resources */,
				912045F91254B75F003F51D1 /* Chat.png in Resources */,
				912045FA1254B75F003F51D1 /* Gmail.png in Resources */,
				912045FB1254B75F003F51D1 /* Help.png in Resources */,
				912045FC1254B75F003F51D1 /* Note.png in Resources */,
				912045FD1254B75F003F51D1 /* Statistics.png in Resources */,
				912045FE1254B75F003F51D1 /* Upwards.png in Resources */,
				9120463E1254C1D3003F51D1 /* Controller_MainWindow.py in Resources */,
				91F0838C12561498003868A9 /* helpers.py in Resources */,
				91F083BD12561809003868A9 /* chatview.html in Resources */,
				91F08474125630ED003868A9 /* gattic_core.py in Resources */,
				91DA0D841257A1CF004D53E6 /* gattic.icns in Resources */,
				91DA0DA91257A431004D53E6 /* try3_final_512.png in Resources */,
				91DA0DAE1257A511004D53E6 /* try3_blurred.png in Resources */,
				91DA0DAF1257A511004D53E6 /* try3_no_back.png in Resources */,
				91DA0DB91257A738004D53E6 /* try3_no_color.png in Resources */,
			);
			runOnlyForDeploymentPostprocessing = 0;
		};
/* End PBXResourcesBuildPhase section */

/* Begin PBXSourcesBuildPhase section */
		8D11072C0486CEB800E47090 /* Sources */ = {
			isa = PBXSourcesBuildPhase;
			buildActionMask = 2147483647;
			files = (
				8D11072D0486CEB800E47090 /* main.m in Sources */,
			);
			runOnlyForDeploymentPostprocessing = 0;
		};
/* End PBXSourcesBuildPhase section */

/* Begin PBXVariantGroup section */
		089C165CFE840E0CC02AAC07 /* InfoPlist.strings */ = {
			isa = PBXVariantGroup;
			children = (
				089C165DFE840E0CC02AAC07 /* English */,
			);
			name = InfoPlist.strings;
			sourceTree = "<group>";
		};
		77C8C1F70C07829500965286 /* MainMenu.xib */ = {
			isa = PBXVariantGroup;
			children = (
				77C8C1F80C07829500965286 /* English */,
			);
			name = MainMenu.xib;
			sourceTree = "<group>";
		};
/* End PBXVariantGroup section */

/* Begin XCBuildConfiguration section */
		C01FCF4B08A954540054247B /* Debug */ = {
			isa = XCBuildConfiguration;
			buildSettings = {
				ARCHS = "$(ARCHS_STANDARD_32_BIT_PRE_XCODE_3_1)";
				ARCHS_STANDARD_32_BIT_PRE_XCODE_3_1 = "ppc i386";
				COPY_PHASE_STRIP = NO;
				GCC_DYNAMIC_NO_PIC = NO;
				GCC_ENABLE_FIX_AND_CONTINUE = YES;
				GCC_MODEL_TUNING = G5;
				GCC_OPTIMIZATION_LEVEL = 2;
				GCC_PRECOMPILE_PREFIX_HEADER = YES;
				GCC_PREFIX_HEADER = chatmasala_Prefix.pch;
				INFOPLIST_FILE = Info.plist;
				INSTALL_PATH = "$(HOME)/Applications";
				PRECOMPS_INCLUDE_HEADERS_FROM_BUILT_PRODUCTS_DIR = NO;
				PRODUCT_NAME = Gattic;
				WRAPPER_EXTENSION = app;
				ZERO_LINK = YES;
			};
			name = Debug;
		};
		C01FCF4C08A954540054247B /* Release */ = {
			isa = XCBuildConfiguration;
			buildSettings = {
				DEBUG_INFORMATION_FORMAT = "dwarf-with-dsym";
				GCC_MODEL_TUNING = G5;
				GCC_PRECOMPILE_PREFIX_HEADER = YES;
				GCC_PREFIX_HEADER = chatmasala_Prefix.pch;
				INFOPLIST_FILE = Info.plist;
				INSTALL_PATH = "$(HOME)/Applications";
				PRODUCT_NAME = chatmasala;
				WRAPPER_EXTENSION = app;
			};
			name = Release;
		};
		C01FCF4F08A954540054247B /* Debug */ = {
			isa = XCBuildConfiguration;
			buildSettings = {
				ARCHS = "$(ARCHS_STANDARD_32_BIT_PRE_XCODE_3_1)";
				ARCHS_STANDARD_32_BIT_PRE_XCODE_3_1 = "ppc i386";
				GCC_WARN_ABOUT_RETURN_TYPE = YES;
				GCC_WARN_UNUSED_VARIABLE = YES;
				PREBINDING = YES;
				PRECOMPS_INCLUDE_HEADERS_FROM_BUILT_PRODUCTS_DIR = NO;
				SDKROOT = "$(DEVELOPER_SDK_DIR)/MacOSX10.5.sdk";
			};
			name = Debug;
		};
		C01FCF5008A954540054247B /* Release */ = {
			isa = XCBuildConfiguration;
			buildSettings = {
				ARCHS = "$(ARCHS_STANDARD_32_64_BIT_PRE_XCODE_3_1)";
				ARCHS_STANDARD_32_64_BIT_PRE_XCODE_3_1 = "x86_64 i386 ppc";
				GCC_C_LANGUAGE_STANDARD = gnu99;
				GCC_WARN_ABOUT_RETURN_TYPE = YES;
				GCC_WARN_UNUSED_VARIABLE = YES;
				PREBINDING = YES;
				SDKROOT = "$(DEVELOPER_SDK_DIR)/MacOSX10.5.sdk";
			};
			name = Release;
		};
/* End XCBuildConfiguration section */

/* Begin XCConfigurationList section */
		C01FCF4A08A954540054247B /* Build configuration list for PBXNativeTarget "Gattic" */ = {
			isa = XCConfigurationList;
			buildConfigurations = (
				C01FCF4B08A954540054247B /* Debug */,
				C01FCF4C08A954540054247B /* Release */,
			);
			defaultConfigurationIsVisible = 0;
			defaultConfigurationName = Release;
		};
		C01FCF4E08A954540054247B /* Build configuration list for PBXProject "chatmasala" */ = {
			isa = XCConfigurationList;
			buildConfigurations = (
				C01FCF4F08A954540054247B /* Debug */,
				C01FCF5008A954540054247B /* Release */,
			);
			defaultConfigurationIsVisible = 0;
			defaultConfigurationName = Release;
		};
/* End XCConfigurationList section */
	};
	rootObject = 29B97313FDCFA39411CA2CEA /* Project object */;
}
